
Microsoft Visual Studio Solution File, Format Version 12.00
# Visual Studio Version 17
VisualStudioVersion = 17.8.34330.188
MinimumVisualStudioVersion = 10.0.40219.1
Project("{FAE04EC0-301F-11D3-BF4B-00C04F79EFBC}") = "ConsoleApp", "ConsoleApp\ConsoleApp.csproj", "{4C81F52C-2BFF-48D7-9848-B4EEB4E2043D}"
EndProject
Global
	GlobalSection(SolutionConfigurationPlatforms) = preSolution
		Debug|Any CPU = Debug|Any CPU
		Release|Any CPU = Release|Any CPU
	EndGlobalSection
	GlobalSection(ProjectConfigurationPlatforms) = postSolution
		{4C81F52C-2BFF-48D7-9848-B4EEB4E2043D}.Debug|Any CPU.ActiveCfg = Debug|Any CPU
		{4C81F52C-2BFF-48D7-9848-B4EEB4E2043D}.Debug|Any CPU.Build.0 = Debug|Any CPU
		{4C81F52C-2BFF-48D7-9848-B4EEB4E2043D}.Release|Any CPU.ActiveCfg = Release|Any CPU
		{4C81F52C-2BFF-48D7-9848-B4EEB4E2043D}.Release|Any CPU.Build.0 = Release|Any CPU
	EndGlobalSection
	GlobalSection(SolutionProperties) = preSolution
		HideSolutionNode = FALSE
	EndGlobalSection
	GlobalSection(ExtensibilityGlobals) = postSolution
		SolutionGuid = {41E2BBC2-9B60-4A28-BB71-2AA6CC1E1C2A}
	EndGlobalSection
EndGlobal
